// !$*UTF8*$!
{
	archiveVersion = 1;
	classes = {
	};
	objectVersion = 48;
	objects = {

/* Begin PBXBuildFile section */
		A1D618EF20750B290046C2E2 /* AppDelegate.m in Sources */ = {isa = PBXBuildFile; fileRef = A1D618EE20750B290046C2E2 /* AppDelegate.m */; };
		A1D618F220750B290046C2E2 /* ViewController.m in Sources */ = {isa = PBXBuildFile; fileRef = A1D618F120750B290046C2E2 /* ViewController.m */; };
		A1D618F520750B290046C2E2 /* Main.storyboard in Resources */ = {isa = PBXBuildFile; fileRef = A1D618F320750B290046C2E2 /* Main.storyboard */; };
		A1D618F720750B290046C2E2 /* Assets.xcassets in Resources */ = {isa = PBXBuildFile; fileRef = A1D618F620750B290046C2E2 /* Assets.xcassets */; };
		A1D618FA20750B290046C2E2 /* LaunchScreen.storyboard in Resources */ = {isa = PBXBuildFile; fileRef = A1D618F820750B290046C2E2 /* LaunchScreen.storyboard */; };
		A1D618FD20750B290046C2E2 /* main.m in Sources */ = {isa = PBXBuildFile; fileRef = A1D618FC20750B290046C2E2 /* main.m */; };
		A1D6190720750B290046C2E2 /* ObjCQueueTests.m in Sources */ = {isa = PBXBuildFile; fileRef = A1D6190620750B290046C2E2 /* ObjCQueueTests.m */; };
		A1D6191220750B290046C2E2 /* ObjCQueueUITests.m in Sources */ = {isa = PBXBuildFile; fileRef = A1D6191120750B290046C2E2 /* ObjCQueueUITests.m */; };
		A1D6192120750C580046C2E2 /* Queue.m in Sources */ = {isa = PBXBuildFile; fileRef = A1D6192020750C580046C2E2 /* Queue.m */; };
/* End PBXBuildFile section */

/* Begin PBXContainerItemProxy section */
		A1D6190320750B290046C2E2 /* PBXContainerItemProxy */ = {
			isa = PBXContainerItemProxy;
			containerPortal = A1D618E220750B290046C2E2 /* Project object */;
			proxyType = 1;
			remoteGlobalIDString = A1D618E920750B290046C2E2;
			remoteInfo = ObjCQueue;
		};
		A1D6190E20750B290046C2E2 /* PBXContainerItemProxy */ = {
			isa = PBXContainerItemProxy;
			containerPortal = A1D618E220750B290046C2E2 /* Project object */;
			proxyType = 1;
			remoteGlobalIDString = A1D618E920750B290046C2E2;
			remoteInfo = ObjCQueue;
		};
/* End PBXContainerItemProxy section */

/* Begin PBXFileReference section */
		A1D618EA20750B290046C2E2 /* ObjCQueue.app */ = {isa = PBXFileReference; explicitFileType = wrapper.application; includeInIndex = 0; path = ObjCQueue.app; sourceTree = BUILT_PRODUCTS_DIR; };
		A1D618ED20750B290046C2E2 /* AppDelegate.h */ = {isa = PBXFileReference; lastKnownFileType = sourcecode.c.h; path = AppDelegate.h; sourceTree = "<group>"; };
		A1D618EE20750B290046C2E2 /* AppDelegate.m */ = {isa = PBXFileReference; lastKnownFileType = sourcecode.c.objc; path = AppDelegate.m; sourceTree = "<group>"; };
		A1D618F020750B290046C2E2 /* ViewController.h */ = {isa = PBXFileReference; lastKnownFileType = sourcecode.c.h; path = ViewController.h; sourceTree = "<group>"; };
		A1D618F120750B290046C2E2 /* ViewController.m */ = {isa = PBXFileReference; lastKnownFileType = sourcecode.c.objc; path = ViewController.m; sourceTree = "<group>"; };
		A1D618F420750B290046C2E2 /* Base */ = {isa = PBXFileReference; lastKnownFileType = file.storyboard; name = Base; path = Base.lproj/Main.storyboard; sourceTree = "<group>"; };
		A1D618F620750B290046C2E2 /* Assets.xcassets */ = {isa = PBXFileReference; lastKnownFileType = folder.assetcatalog; path = Assets.xcassets; sourceTree = "<group>"; };
		A1D618F920750B290046C2E2 /* Base */ = {isa = PBXFileReference; lastKnownFileType = file.storyboard; name = Base; path = Base.lproj/LaunchScreen.storyboard; sourceTree = "<group>"; };
		A1D618FB20750B290046C2E2 /* Info.plist */ = {isa = PBXFileReference; lastKnownFileType = text.plist.xml; path = Info.plist; sourceTree = "<group>"; };
		A1D618FC20750B290046C2E2 /* main.m */ = {isa = PBXFileReference; lastKnownFileType = sourcecode.c.objc; path = main.m; sourceTree = "<group>"; };
		A1D6190220750B290046C2E2 /* ObjCQueueTests.xctest */ = {isa = PBXFileReference; explicitFileType = wrapper.cfbundle; includeInIndex = 0; path = ObjCQueueTests.xctest; sourceTree = BUILT_PRODUCTS_DIR; };
		A1D6190620750B290046C2E2 /* ObjCQueueTests.m */ = {isa = PBXFileReference; lastKnownFileType = sourcecode.c.objc; path = ObjCQueueTests.m; sourceTree = "<group>"; };
		A1D6190820750B290046C2E2 /* Info.plist */ = {isa = PBXFileReference; lastKnownFileType = text.plist.xml; path = Info.plist; sourceTree = "<group>"; };
		A1D6190D20750B290046C2E2 /* ObjCQueueUITests.xctest */ = {isa = PBXFileReference; explicitFileType = wrapper.cfbundle; includeInIndex = 0; path = ObjCQueueUITests.xctest; sourceTree = BUILT_PRODUCTS_DIR; };
		A1D6191120750B290046C2E2 /* ObjCQueueUITests.m */ = {isa = PBXFileReference; lastKnownFileType = sourcecode.c.objc; path = ObjCQueueUITests.m; sourceTree = "<group>"; };
		A1D6191320750B290046C2E2 /* Info.plist */ = {isa = PBXFileReference; lastKnownFileType = text.plist.xml; path = Info.plist; sourceTree = "<group>"; };
		A1D6191F20750C580046C2E2 /* Queue.h */ = {isa = PBXFileReference; lastKnownFileType = sourcecode.c.h; path = Queue.h; sourceTree = "<group>"; };
		A1D6192020750C580046C2E2 /* Queue.m */ = {isa = PBXFileReference; lastKnownFileType = sourcecode.c.objc; path = Queue.m; sourceTree = "<group>"; };
/* End PBXFileReference section */

/* Begin PBXFrameworksBuildPhase section */
		A1D618E720750B290046C2E2 /* Frameworks */ = {
			isa = PBXFrameworksBuildPhase;
			buildActionMask = 2147483647;
			files = (
			);
			runOnlyForDeploymentPostprocessing = 0;
		};
		A1D618FF20750B290046C2E2 /* Frameworks */ = {
			isa = PBXFrameworksBuildPhase;
			buildActionMask = 2147483647;
			files = (
			);
			runOnlyForDeploymentPostprocessing = 0;
		};
		A1D6190A20750B290046C2E2 /* Frameworks */ = {
			isa = PBXFrameworksBuildPhase;
			buildActionMask = 2147483647;
			files = (
			);
			runOnlyForDeploymentPostprocessing = 0;
		};
/* End PBXFrameworksBuildPhase section */

/* Begin PBXGroup section */
		A1D618E120750B290046C2E2 = {
			isa = PBXGroup;
			children = (
				A1D618EC20750B290046C2E2 /* ObjCQueue */,
				A1D6190520750B290046C2E2 /* ObjCQueueTests */,
				A1D6191020750B290046C2E2 /* ObjCQueueUITests */,
				A1D618EB20750B290046C2E2 /* Products */,
			);
			sourceTree = "<group>";
		};
		A1D618EB20750B290046C2E2 /* Products */ = {
			isa = PBXGroup;
			children = (
				A1D618EA20750B290046C2E2 /* ObjCQueue.app */,
				A1D6190220750B290046C2E2 /* ObjCQueueTests.xctest */,
				A1D6190D20750B290046C2E2 /* ObjCQueueUITests.xctest */,
			);
			name = Products;
			sourceTree = "<group>";
		};
		A1D618EC20750B290046C2E2 /* ObjCQueue */ = {
			isa = PBXGroup;
			children = (
				A1D618ED20750B290046C2E2 /* AppDelegate.h */,
				A1D618EE20750B290046C2E2 /* AppDelegate.m */,
				A1D618F020750B290046C2E2 /* ViewController.h */,
				A1D618F120750B290046C2E2 /* ViewController.m */,
				A1D6191F20750C580046C2E2 /* Queue.h */,
				A1D6192020750C580046C2E2 /* Queue.m */,
				A1D618F320750B290046C2E2 /* Main.storyboard */,
				A1D618F620750B290046C2E2 /* Assets.xcassets */,
				A1D618F820750B290046C2E2 /* LaunchScreen.storyboard */,
				A1D618FB20750B290046C2E2 /* Info.plist */,
				A1D618FC20750B290046C2E2 /* main.m */,
			);
			path = ObjCQueue;
			sourceTree = "<group>";
		};
		A1D6190520750B290046C2E2 /* ObjCQueueTests */ = {
			isa = PBXGroup;
			children = (
				A1D6190620750B290046C2E2 /* ObjCQueueTests.m */,
				A1D6190820750B290046C2E2 /* Info.plist */,
			);
			path = ObjCQueueTests;
			sourceTree = "<group>";
		};
		A1D6191020750B290046C2E2 /* ObjCQueueUITests */ = {
			isa = PBXGroup;
			children = (
				A1D6191120750B290046C2E2 /* ObjCQueueUITests.m */,
				A1D6191320750B290046C2E2 /* Info.plist */,
			);
			path = ObjCQueueUITests;
			sourceTree = "<group>";
		};
/* End PBXGroup section */

/* Begin PBXNativeTarget section */
		A1D618E920750B290046C2E2 /* ObjCQueue */ = {
			isa = PBXNativeTarget;
			buildConfigurationList = A1D6191620750B290046C2E2 /* Build configuration list for PBXNativeTarget "ObjCQueue" */;
			buildPhases = (
				A1D618E620750B290046C2E2 /* Sources */,
				A1D618E720750B290046C2E2 /* Frameworks */,
				A1D618E820750B290046C2E2 /* Resources */,
			);
			buildRules = (
			);
			dependencies = (
			);
			name = ObjCQueue;
			productName = ObjCQueue;
			productReference = A1D618EA20750B290046C2E2 /* ObjCQueue.app */;
			productType = "com.apple.product-type.application";
		};
		A1D6190120750B290046C2E2 /* ObjCQueueTests */ = {
			isa = PBXNativeTarget;
			buildConfigurationList = A1D6191920750B290046C2E2 /* Build configuration list for PBXNativeTarget "ObjCQueueTests" */;
			buildPhases = (
				A1D618FE20750B290046C2E2 /* Sources */,
				A1D618FF20750B290046C2E2 /* Frameworks */,
				A1D6190020750B290046C2E2 /* Resources */,
			);
			buildRules = (
			);
			dependencies = (
				A1D6190420750B290046C2E2 /* PBXTargetDependency */,
			);
			name = ObjCQueueTests;
			productName = ObjCQueueTests;
			productReference = A1D6190220750B290046C2E2 /* ObjCQueueTests.xctest */;
			productType = "com.apple.product-type.bundle.unit-test";
		};
		A1D6190C20750B290046C2E2 /* ObjCQueueUITests */ = {
			isa = PBXNativeTarget;
			buildConfigurationList = A1D6191C20750B290046C2E2 /* Build configuration list for PBXNativeTarget "ObjCQueueUITests" */;
			buildPhases = (
				A1D6190920750B290046C2E2 /* Sources */,
				A1D6190A20750B290046C2E2 /* Frameworks */,
				A1D6190B20750B290046C2E2 /* Resources */,
			);
			buildRules = (
			);
			dependencies = (
				A1D6190F20750B290046C2E2 /* PBXTargetDependency */,
			);
			name = ObjCQueueUITests;
			productName = ObjCQueueUITests;
			productReference = A1D6190D20750B290046C2E2 /* ObjCQueueUITests.xctest */;
			productType = "com.apple.product-type.bundle.ui-testing";
		};
/* End PBXNativeTarget section */

/* Begin PBXProject section */
		A1D618E220750B290046C2E2 /* Project object */ = {
			isa = PBXProject;
			attributes = {
				LastUpgradeCheck = 0920;
				ORGANIZATIONNAME = "Haehyeon Jeong";
				TargetAttributes = {
					A1D618E920750B290046C2E2 = {
						CreatedOnToolsVersion = 9.2;
						ProvisioningStyle = Automatic;
					};
					A1D6190120750B290046C2E2 = {
						CreatedOnToolsVersion = 9.2;
						ProvisioningStyle = Automatic;
						TestTargetID = A1D618E920750B290046C2E2;
					};
					A1D6190C20750B290046C2E2 = {
						CreatedOnToolsVersion = 9.2;
						ProvisioningStyle = Automatic;
						TestTargetID = A1D618E920750B290046C2E2;
					};
				};
			};
			buildConfigurationList = A1D618E520750B290046C2E2 /* Build configuration list for PBXProject "ObjCQueue" */;
			compatibilityVersion = "Xcode 8.0";
			developmentRegion = en;
			hasScannedForEncodings = 0;
			knownRegions = (
				en,
				Base,
			);
			mainGroup = A1D618E120750B290046C2E2;
			productRefGroup = A1D618EB20750B290046C2E2 /* Products */;
			projectDirPath = "";
			projectRoot = "";
			targets = (
				A1D618E920750B290046C2E2 /* ObjCQueue */,
				A1D6190120750B290046C2E2 /* ObjCQueueTests */,
				A1D6190C20750B290046C2E2 /* ObjCQueueUITests */,
			);
		};
/* End PBXProject section */

/* Begin PBXResourcesBuildPhase section */
		A1D618E820750B290046C2E2 /* Resources */ = {
			isa = PBXResourcesBuildPhase;
			buildActionMask = 2147483647;
			files = (
				A1D618FA20750B290046C2E2 /* LaunchScreen.storyboard in Resources */,
				A1D618F720750B290046C2E2 /* Assets.xcassets in Resources */,
				A1D618F520750B290046C2E2 /* Main.storyboard in Resources */,
			);
			runOnlyForDeploymentPostprocessing = 0;
		};
		A1D6190020750B290046C2E2 /* Resources */ = {
			isa = PBXResourcesBuildPhase;
			buildActionMask = 2147483647;
			files = (
			);
			runOnlyForDeploymentPostprocessing = 0;
		};
		A1D6190B20750B290046C2E2 /* Resources */ = {
			isa = PBXResourcesBuildPhase;
			buildActionMask = 2147483647;
			files = (
			);
			runOnlyForDeploymentPostprocessing = 0;
		};
/* End PBXResourcesBuildPhase section */

/* Begin PBXSourcesBuildPhase section */
		A1D618E620750B290046C2E2 /* Sources */ = {
			isa = PBXSourcesBuildPhase;
			buildActionMask = 2147483647;
			files = (
				A1D618F220750B290046C2E2 /* ViewController.m in Sources */,
				A1D618FD20750B290046C2E2 /* main.m in Sources */,
				A1D618EF20750B290046C2E2 /* AppDelegate.m in Sources */,
				A1D6192120750C580046C2E2 /* Queue.m in Sources */,
			);
			runOnlyForDeploymentPostprocessing = 0;
		};
		A1D618FE20750B290046C2E2 /* Sources */ = {
			isa = PBXSourcesBuildPhase;
			buildActionMask = 2147483647;
			files = (
				A1D6190720750B290046C2E2 /* ObjCQueueTests.m in Sources */,
			);
			runOnlyForDeploymentPostprocessing = 0;
		};
		A1D6190920750B290046C2E2 /* Sources */ = {
			isa = PBXSourcesBuildPhase;
			buildActionMask = 2147483647;
			files = (
				A1D6191220750B290046C2E2 /* ObjCQueueUITests.m in Sources */,
			);
			runOnlyForDeploymentPostprocessing = 0;
		};
/* End PBXSourcesBuildPhase section */

/* Begin PBXTargetDependency section */
		A1D6190420750B290046C2E2 /* PBXTargetDependency */ = {
			isa = PBXTargetDependency;
			target = A1D618E920750B290046C2E2 /* ObjCQueue */;
			targetProxy = A1D6190320750B290046C2E2 /* PBXContainerItemProxy */;
		};
		A1D6190F20750B290046C2E2 /* PBXTargetDependency */ = {
			isa = PBXTargetDependency;
			target = A1D618E920750B290046C2E2 /* ObjCQueue */;
			targetProxy = A1D6190E20750B290046C2E2 /* PBXContainerItemProxy */;
		};
/* End PBXTargetDependency section */

/* Begin PBXVariantGroup section */
		A1D618F320750B290046C2E2 /* Main.storyboard */ = {
			isa = PBXVariantGroup;
			children = (
				A1D618F420750B290046C2E2 /* Base */,
			);
			name = Main.storyboard;
			sourceTree = "<group>";
		};
		A1D618F820750B290046C2E2 /* LaunchScreen.storyboard */ = {
			isa = PBXVariantGroup;
			children = (
				A1D618F920750B290046C2E2 /* Base */,
			);
			name = LaunchScreen.storyboard;
			sourceTree = "<group>";
		};
/* End PBXVariantGroup section */

/* Begin XCBuildConfiguration section */
		A1D6191420750B290046C2E2 /* Debug */ = {
			isa = XCBuildConfiguration;
			buildSettings = {
				ALWAYS_SEARCH_USER_PATHS = NO;
				CLANG_ANALYZER_NONNULL = YES;
				CLANG_ANALYZER_NUMBER_OBJECT_CONVERSION = YES_AGGRESSIVE;
				CLANG_CXX_LANGUAGE_STANDARD = "gnu++14";
				CLANG_CXX_LIBRARY = "libc++";
				CLANG_ENABLE_MODULES = YES;
				CLANG_ENABLE_OBJC_ARC = YES;
				CLANG_WARN_BLOCK_CAPTURE_AUTORELEASING = YES;
				CLANG_WARN_BOOL_CONVERSION = YES;
				CLANG_WARN_COMMA = YES;
				CLANG_WARN_CONSTANT_CONVERSION = YES;
				CLANG_WARN_DIRECT_OBJC_ISA_USAGE = YES_ERROR;
				CLANG_WARN_DOCUMENTATION_COMMENTS = YES;
				CLANG_WARN_EMPTY_BODY = YES;
				CLANG_WARN_ENUM_CONVERSION = YES;
				CLANG_WARN_INFINITE_RECURSION = YES;
				CLANG_WARN_INT_CONVERSION = YES;
				CLANG_WARN_NON_LITERAL_NULL_CONVERSION = YES;
				CLANG_WARN_OBJC_LITERAL_CONVERSION = YES;
				CLANG_WARN_OBJC_ROOT_CLASS = YES_ERROR;
				CLANG_WARN_RANGE_LOOP_ANALYSIS = YES;
				CLANG_WARN_STRICT_PROTOTYPES = YES;
				CLANG_WARN_SUSPICIOUS_MOVE = YES;
				CLANG_WARN_UNGUARDED_AVAILABILITY = YES_AGGRESSIVE;
				CLANG_WARN_UNREACHABLE_CODE = YES;
				CLANG_WARN__DUPLICATE_METHOD_MATCH = YES;
				CODE_SIGN_IDENTITY = "iPhone Developer";
				COPY_PHASE_STRIP = NO;
				DEBUG_INFORMATION_FORMAT = dwarf;
				ENABLE_STRICT_OBJC_MSGSEND = YES;
				ENABLE_TESTABILITY = YES;
				GCC_C_LANGUAGE_STANDARD = gnu11;
				GCC_DYNAMIC_NO_PIC = NO;
				GCC_NO_COMMON_BLOCKS = YES;
				GCC_OPTIMIZATION_LEVEL = 0;
				GCC_PREPROCESSOR_DEFINITIONS = (
					"DEBUG=1",
					"$(inherited)",
				);
				GCC_WARN_64_TO_32_BIT_CONVERSION = YES;
				GCC_WARN_ABOUT_RETURN_TYPE = YES_ERROR;
				GCC_WARN_UNDECLARED_SELECTOR = YES;
				GCC_WARN_UNINITIALIZED_AUTOS = YES_AGGRESSIVE;
				GCC_WARN_UNUSED_FUNCTION = YES;
				GCC_WARN_UNUSED_VARIABLE = YES;
				IPHONEOS_DEPLOYMENT_TARGET = 11.2;
				MTL_ENABLE_DEBUG_INFO = YES;
				ONLY_ACTIVE_ARCH = YES;
				SDKROOT = iphoneos;
			};
			name = Debug;
		};
		A1D6191520750B290046C2E2 /* Release */ = {
			isa = XCBuildConfiguration;
			buildSettings = {
				ALWAYS_SEARCH_USER_PATHS = NO;
				CLANG_ANALYZER_NONNULL = YES;
				CLANG_ANALYZER_NUMBER_OBJECT_CONVERSION = YES_AGGRESSIVE;
				CLANG_CXX_LANGUAGE_STANDARD = "gnu++14";
				CLANG_CXX_LIBRARY = "libc++";
				CLANG_ENABLE_MODULES = YES;
				CLANG_ENABLE_OBJC_ARC = YES;
				CLANG_WARN_BLOCK_CAPTURE_AUTORELEASING = YES;
				CLANG_WARN_BOOL_CONVERSION = YES;
				CLANG_WARN_COMMA = YES;
				CLANG_WARN_CONSTANT_CONVERSION = YES;
				CLANG_WARN_DIRECT_OBJC_ISA_USAGE = YES_ERROR;
				CLANG_WARN_DOCUMENTATION_COMMENTS = YES;
				CLANG_WARN_EMPTY_BODY = YES;
				CLANG_WARN_ENUM_CONVERSION = YES;
				CLANG_WARN_INFINITE_RECURSION = YES;
				CLANG_WARN_INT_CONVERSION = YES;
				CLANG_WARN_NON_LITERAL_NULL_CONVERSION = YES;
				CLANG_WARN_OBJC_LITERAL_CONVERSION = YES;
				CLANG_WARN_OBJC_ROOT_CLASS = YES_ERROR;
				CLANG_WARN_RANGE_LOOP_ANALYSIS = YES;
				CLANG_WARN_STRICT_PROTOTYPES = YES;
				CLANG_WARN_SUSPICIOUS_MOVE = YES;
				CLANG_WARN_UNGUARDED_AVAILABILITY = YES_AGGRESSIVE;
				CLANG_WARN_UNREACHABLE_CODE = YES;
				CLANG_WARN__DUPLICATE_METHOD_MATCH = YES;
				CODE_SIGN_IDENTITY = "iPhone Developer";
				COPY_PHASE_STRIP = NO;
				DEBUG_INFORMATION_FORMAT = "dwarf-with-dsym";
				ENABLE_NS_ASSERTIONS = NO;
				ENABLE_STRICT_OBJC_MSGSEND = YES;
				GCC_C_LANGUAGE_STANDARD = gnu11;
				GCC_NO_COMMON_BLOCKS = YES;
				GCC_WARN_64_TO_32_BIT_CONVERSION = YES;
				GCC_WARN_ABOUT_RETURN_TYPE = YES_ERROR;
				GCC_WARN_UNDECLARED_SELECTOR = YES;
				GCC_WARN_UNINITIALIZED_AUTOS = YES_AGGRESSIVE;
				GCC_WARN_UNUSED_FUNCTION = YES;
				GCC_WARN_UNUSED_VARIABLE = YES;
				IPHONEOS_DEPLOYMENT_TARGET = 11.2;
				MTL_ENABLE_DEBUG_INFO = NO;
				SDKROOT = iphoneos;
				VALIDATE_PRODUCT = YES;
			};
			name = Release;
		};
		A1D6191720750B290046C2E2 /* Debug */ = {
			isa = XCBuildConfiguration;
			buildSettings = {
				ASSETCATALOG_COMPILER_APPICON_NAME = AppIcon;
				CODE_SIGN_STYLE = Automatic;
				INFOPLIST_FILE = ObjCQueue/Info.plist;
				LD_RUNPATH_SEARCH_PATHS = "$(inherited) @executable_path/Frameworks";
				PRODUCT_BUNDLE_IDENTIFIER = jhh.ObjCQueue;
				PRODUCT_NAME = "$(TARGET_NAME)";
				TARGETED_DEVICE_FAMILY = "1,2";
			};
			name = Debug;
		};
		A1D6191820750B290046C2E2 /* Release */ = {
			isa = XCBuildConfiguration;
			buildSettings = {
				ASSETCATALOG_COMPILER_APPICON_NAME = AppIcon;
				CODE_SIGN_STYLE = Automatic;
				INFOPLIST_FILE = ObjCQueue/Info.plist;
				LD_RUNPATH_SEARCH_PATHS = "$(inherited) @executable_path/Frameworks";
				PRODUCT_BUNDLE_IDENTIFIER = jhh.ObjCQueue;
				PRODUCT_NAME = "$(TARGET_NAME)";
				TARGETED_DEVICE_FAMILY = "1,2";
			};
			name = Release;
		};
		A1D6191A20750B290046C2E2 /* Debug */ = {
			isa = XCBuildConfiguration;
			buildSettings = {
				BUNDLE_LOADER = "$(TEST_HOST)";
				CODE_SIGN_STYLE = Automatic;
				INFOPLIST_FILE = ObjCQueueTests/Info.plist;
				LD_RUNPATH_SEARCH_PATHS = "$(inherited) @executable_path/Frameworks @loader_path/Frameworks";
				PRODUCT_BUNDLE_IDENTIFIER = jhh.ObjCQueueTests;
				PRODUCT_NAME = "$(TARGET_NAME)";
				TARGETED_DEVICE_FAMILY = "1,2";
				TEST_HOST = "$(BUILT_PRODUCTS_DIR)/ObjCQueue.app/ObjCQueue";
			};
			name = Debug;
		};
		A1D6191B20750B290046C2E2 /* Release */ = {
			isa = XCBuildConfiguration;
			buildSettings = {
				BUNDLE_LOADER = "$(TEST_HOST)";
				CODE_SIGN_STYLE = Automatic;
				INFOPLIST_FILE = ObjCQueueTests/Info.plist;
				LD_RUNPATH_SEARCH_PATHS = "$(inherited) @executable_path/Frameworks @loader_path/Frameworks";
				PRODUCT_BUNDLE_IDENTIFIER = jhh.ObjCQueueTests;
				PRODUCT_NAME = "$(TARGET_NAME)";
				TARGETED_DEVICE_FAMILY = "1,2";
				TEST_HOST = "$(BUILT_PRODUCTS_DIR)/ObjCQueue.app/ObjCQueue";
			};
			name = Release;
		};
		A1D6191D20750B290046C2E2 /* Debug */ = {
			isa = XCBuildConfiguration;
			buildSettings = {
				CODE_SIGN_STYLE = Automatic;
				INFOPLIST_FILE = ObjCQueueUITests/Info.plist;
				LD_RUNPATH_SEARCH_PATHS = "$(inherited) @executable_path/Frameworks @loader_path/Frameworks";
				PRODUCT_BUNDLE_IDENTIFIER = jhh.ObjCQueueUITests;
				PRODUCT_NAME = "$(TARGET_NAME)";
				TARGETED_DEVICE_FAMILY = "1,2";
				TEST_TARGET_NAME = ObjCQueue;
			};
			name = Debug;
		};
		A1D6191E20750B290046C2E2 /* Release */ = {
			isa = XCBuildConfiguration;
			buildSettings = {
				CODE_SIGN_STYLE = Automatic;
				INFOPLIST_FILE = ObjCQueueUITests/Info.plist;
				LD_RUNPATH_SEARCH_PATHS = "$(inherited) @executable_path/Frameworks @loader_path/Frameworks";
				PRODUCT_BUNDLE_IDENTIFIER = jhh.ObjCQueueUITests;
				PRODUCT_NAME = "$(TARGET_NAME)";
				TARGETED_DEVICE_FAMILY = "1,2";
				TEST_TARGET_NAME = ObjCQueue;
			};
			name = Release;
		};
/* End XCBuildConfiguration section */

/* Begin XCConfigurationList section */
		A1D618E520750B290046C2E2 /* Build configuration list for PBXProject "ObjCQueue" */ = {
			isa = XCConfigurationList;
			buildConfigurations = (
				A1D6191420750B290046C2E2 /* Debug */,
				A1D6191520750B290046C2E2 /* Release */,
			);
			defaultConfigurationIsVisible = 0;
			defaultConfigurationName = Release;
		};
		A1D6191620750B290046C2E2 /* Build configuration list for PBXNativeTarget "ObjCQueue" */ = {
			isa = XCConfigurationList;
			buildConfigurations = (
				A1D6191720750B290046C2E2 /* Debug */,
				A1D6191820750B290046C2E2 /* Release */,
			);
			defaultConfigurationIsVisible = 0;
			defaultConfigurationName = Release;
		};
		A1D6191920750B290046C2E2 /* Build configuration list for PBXNativeTarget "ObjCQueueTests" */ = {
			isa = XCConfigurationList;
			buildConfigurations = (
				A1D6191A20750B290046C2E2 /* Debug */,
				A1D6191B20750B290046C2E2 /* Release */,
			);
			defaultConfigurationIsVisible = 0;
			defaultConfigurationName = Release;
		};
		A1D6191C20750B290046C2E2 /* Build configuration list for PBXNativeTarget "ObjCQueueUITests" */ = {
			isa = XCConfigurationList;
			buildConfigurations = (
				A1D6191D20750B290046C2E2 /* Debug */,
				A1D6191E20750B290046C2E2 /* Release */,
			);
			defaultConfigurationIsVisible = 0;
			defaultConfigurationName = Release;
		};
/* End XCConfigurationList section */
	};
	rootObject = A1D618E220750B290046C2E2 /* Project object */;
}
